# THIS IS AN AUTOGENERATED FILE. DO NOT EDIT THIS FILE DIRECTLY.
# yarn lockfile v1


loquat-char@~2.0.0:
  version "2.0.1"
  resolved "https://registry.yarnpkg.com/loquat-char/-/loquat-char-2.0.1.tgz#f4bb23a17a619f6600859f47726b2323f5d1f40d"
  dependencies:
    loquat-prim "^2.0.0"

loquat-combinators@^2.0.0, loquat-combinators@~2.0.0:
  version "2.0.0"
  resolved "https://registry.yarnpkg.com/loquat-combinators/-/loquat-combinators-2.0.0.tgz#f56bb83eb496aed971361ab8072b368d325bf277"
  dependencies:
    loquat-prim "^2.0.0"

loquat-core@~2.0.0:
  version "2.0.2"
  resolved "https://registry.yarnpkg.com/loquat-core/-/loquat-core-2.0.2.tgz#e6d71d25ab4ba60f2b468b2055d9cced9eed230c"

loquat-expr@~2.0.0:
  version "2.0.0"
  resolved "https://registry.yarnpkg.com/loquat-expr/-/loquat-expr-2.0.0.tgz#79687450b1e7a5ff4a37d165020701065ec1a8b2"
  dependencies:
    loquat-combinators "^2.0.0"
    loquat-prim "^2.0.0"

loquat-monad@~2.0.0:
  version "2.0.0"
  resolved "https://registry.yarnpkg.com/loquat-monad/-/loquat-monad-2.0.0.tgz#e4d97f165fddf1e9e1c0953a88b5d0a4c89d84d5"
  dependencies:
    loquat-prim "^2.0.0"

loquat-prim@^2.0.0, loquat-prim@~2.0.0:
  version "2.0.1"
  resolved "https://registry.yarnpkg.com/loquat-prim/-/loquat-prim-2.0.1.tgz#b3c021f1abfc9a9a9184985cbef3cf0ea1a6e678"

loquat-qo@~2.0.0:
  version "2.0.0"
  resolved "https://registry.yarnpkg.com/loquat-qo/-/loquat-qo-2.0.0.tgz#064cf86a10e10e3cad71514788d6d847ccc7c6dd"

loquat@~2.0.0:
  version "2.0.0"
  resolved "https://registry.yarnpkg.com/loquat/-/loquat-2.0.0.tgz#365d1c8b98aeae79145675fb4cf798eba8634dc5"
  dependencies:
    loquat-char "~2.0.0"
    loquat-combinators "~2.0.0"
    loquat-core "~2.0.0"
    loquat-expr "~2.0.0"
    loquat-monad "~2.0.0"
    loquat-prim "~2.0.0"
    loquat-qo "~2.0.0"

typescript@^3.1.1:
  version "3.1.1"
  resolved "https://registry.yarnpkg.com/typescript/-/typescript-3.1.1.tgz#3362ba9dd1e482ebb2355b02dfe8bcd19a2c7c96"
